
Microsoft Visual Studio Solution File, Format Version 12.00
# Visual Studio 15
VisualStudioVersion = 15.0.28010.2046
MinimumVisualStudioVersion = 10.0.40219.1
Project("{FAE04EC0-301F-11D3-BF4B-00C04F79EFBC}") = "Win.RapiAuto", "Win.Rentas\Win.RapiAuto.csproj", "{0FA4BEFE-1BAF-4F10-A52A-97E04862F061}"
EndProject
Project("{FAE04EC0-301F-11D3-BF4B-00C04F79EFBC}") = "BL.RapiAuto", "BL.Rentas\BL.RapiAuto.csproj", "{04879E3A-EBE5-40E6-92CA-58293B8D72EC}"
EndProject
Global
	GlobalSection(SolutionConfigurationPlatforms) = preSolution
		Debug|Any CPU = Debug|Any CPU
		Release|Any CPU = Release|Any CPU
	EndGlobalSection
	GlobalSection(ProjectConfigurationPlatforms) = postSolution
		{0FA4BEFE-1BAF-4F10-A52A-97E04862F061}.Debug|Any CPU.ActiveCfg = Debug|Any CPU
		{0FA4BEFE-1BAF-4F10-A52A-97E04862F061}.Debug|Any CPU.Build.0 = Debug|Any CPU
		{0FA4BEFE-1BAF-4F10-A52A-97E04862F061}.Release|Any CPU.ActiveCfg = Release|Any CPU
		{0FA4BEFE-1BAF-4F10-A52A-97E04862F061}.Release|Any CPU.Build.0 = Release|Any CPU
		{04879E3A-EBE5-40E6-92CA-58293B8D72EC}.Debug|Any CPU.ActiveCfg = Debug|Any CPU
		{04879E3A-EBE5-40E6-92CA-58293B8D72EC}.Debug|Any CPU.Build.0 = Debug|Any CPU
		{04879E3A-EBE5-40E6-92CA-58293B8D72EC}.Release|Any CPU.ActiveCfg = Release|Any CPU
		{04879E3A-EBE5-40E6-92CA-58293B8D72EC}.Release|Any CPU.Build.0 = Release|Any CPU
	EndGlobalSection
	GlobalSection(SolutionProperties) = preSolution
		HideSolutionNode = FALSE
	EndGlobalSection
	GlobalSection(ExtensibilityGlobals) = postSolution
		SolutionGuid = {76FE1F14-7F0F-4028-B9C6-0C404B93A5E3}
	EndGlobalSection
EndGlobal
